// !$*UTF8*$!
{
	archiveVersion = 1;
	classes = {
	};
	objectVersion = 50;
	objects = {

/* Begin PBXBuildFile section */
		9BFFA8AF7D199517B9944A91 /* Pods_OpenNav_Assistant.framework in Frameworks */ = {isa = PBXBuildFile; fileRef = EC19A3A68A278F9491B6F09D /* Pods_OpenNav_Assistant.framework */; };
		AE25B4C2224963F800F09F7A /* String+Hash.swift in Sources */ = {isa = PBXBuildFile; fileRef = AE25B4C1224963F800F09F7A /* String+Hash.swift */; };
		AE4FC343224A646C00DB96DD /* MainWindowController.swift in Sources */ = {isa = PBXBuildFile; fileRef = AE4FC342224A646C00DB96DD /* MainWindowController.swift */; };
		AE4FC345224A699F00DB96DD /* MenuController.swift in Sources */ = {isa = PBXBuildFile; fileRef = AE4FC344224A699F00DB96DD /* MenuController.swift */; };
		AE4FC34C224A6CB600DB96DD /* SplitViewController.swift in Sources */ = {isa = PBXBuildFile; fileRef = AE4FC34B224A6CB600DB96DD /* SplitViewController.swift */; };
		AE5B4C822245959F00FB98C8 /* Global.swift in Sources */ = {isa = PBXBuildFile; fileRef = AE5B4C812245959F00FB98C8 /* Global.swift */; };
		AE7A76AC223E9BC500729CD1 /* AppDelegate.swift in Sources */ = {isa = PBXBuildFile; fileRef = AE7A76AB223E9BC500729CD1 /* AppDelegate.swift */; };
		AE7A76AE223E9BC500729CD1 /* FileViewController.swift in Sources */ = {isa = PBXBuildFile; fileRef = AE7A76AD223E9BC500729CD1 /* FileViewController.swift */; };
		AE7A76B0223E9BC600729CD1 /* Assets.xcassets in Resources */ = {isa = PBXBuildFile; fileRef = AE7A76AF223E9BC600729CD1 /* Assets.xcassets */; };
		AE7A76B3223E9BC600729CD1 /* Main.storyboard in Resources */ = {isa = PBXBuildFile; fileRef = AE7A76B1223E9BC600729CD1 /* Main.storyboard */; };
		AE7A76BF223E9BC600729CD1 /* OpenNav_AssistantTests.swift in Sources */ = {isa = PBXBuildFile; fileRef = AE7A76BE223E9BC600729CD1 /* OpenNav_AssistantTests.swift */; };
		AE7A76CA223E9BC600729CD1 /* OpenNav_AssistantUITests.swift in Sources */ = {isa = PBXBuildFile; fileRef = AE7A76C9223E9BC600729CD1 /* OpenNav_AssistantUITests.swift */; };
		AE7A76DB223E9FDD00729CD1 /* LayoutRequest.swift in Sources */ = {isa = PBXBuildFile; fileRef = AE7A76DA223E9FDD00729CD1 /* LayoutRequest.swift */; };
		AE7A76DE223EFA4A00729CD1 /* Image.swift in Sources */ = {isa = PBXBuildFile; fileRef = AE7A76DD223EFA4A00729CD1 /* Image.swift */; };
		AE7A76E3223F069F00729CD1 /* ServerCommunicator.swift in Sources */ = {isa = PBXBuildFile; fileRef = AE7A76E2223F069F00729CD1 /* ServerCommunicator.swift */; };
		AE7A76E5223F111B00729CD1 /* FileHelper.swift in Sources */ = {isa = PBXBuildFile; fileRef = AE7A76E4223F111B00729CD1 /* FileHelper.swift */; };
		AE8F8449225047A70021BC93 /* Notification+Statics.swift in Sources */ = {isa = PBXBuildFile; fileRef = AE8F8448225047A70021BC93 /* Notification+Statics.swift */; };
		AE8F844D2250509A0021BC93 /* BrowserViewController.swift in Sources */ = {isa = PBXBuildFile; fileRef = AE8F844C2250509A0021BC93 /* BrowserViewController.swift */; };
		AED7D34A2248156200C9672E /* NSNotification.Name+ImageFrag.swift in Sources */ = {isa = PBXBuildFile; fileRef = AED7D3492248156200C9672E /* NSNotification.Name+ImageFrag.swift */; };
		D244693F329C5CE91B4DD34E /* Pods_OpenNav_AssistantUITests.framework in Frameworks */ = {isa = PBXBuildFile; fileRef = CBC69DF4CA71FE85C83D5FF6 /* Pods_OpenNav_AssistantUITests.framework */; };
		FC1EFF02D8AB30DB10884255 /* Pods_OpenNav_AssistantTests.framework in Frameworks */ = {isa = PBXBuildFile; fileRef = 99C883DD22FA962FC14BF10F /* Pods_OpenNav_AssistantTests.framework */; };
/* End PBXBuildFile section */

/* Begin PBXContainerItemProxy section */
		AE7A76BB223E9BC600729CD1 /* PBXContainerItemProxy */ = {
			isa = PBXContainerItemProxy;
			containerPortal = AE7A76A0223E9BC500729CD1 /* Project object */;
			proxyType = 1;
			remoteGlobalIDString = AE7A76A7223E9BC500729CD1;
			remoteInfo = "OpenNav Assistant";
		};
		AE7A76C6223E9BC600729CD1 /* PBXContainerItemProxy */ = {
			isa = PBXContainerItemProxy;
			containerPortal = AE7A76A0223E9BC500729CD1 /* Project object */;
			proxyType = 1;
			remoteGlobalIDString = AE7A76A7223E9BC500729CD1;
			remoteInfo = "OpenNav Assistant";
		};
/* End PBXContainerItemProxy section */

/* Begin PBXFileReference section */
		0D6C7A549E14625229A9B050 /* Pods-OpenNav AssistantTests.debug.xcconfig */ = {isa = PBXFileReference; includeInIndex = 1; lastKnownFileType = text.xcconfig; name = "Pods-OpenNav AssistantTests.debug.xcconfig"; path = "Target Support Files/Pods-OpenNav AssistantTests/Pods-OpenNav AssistantTests.debug.xcconfig"; sourceTree = "<group>"; };
		16BBC922C7053167A8E4122B /* Pods-OpenNav Assistant.debug.xcconfig */ = {isa = PBXFileReference; includeInIndex = 1; lastKnownFileType = text.xcconfig; name = "Pods-OpenNav Assistant.debug.xcconfig"; path = "Target Support Files/Pods-OpenNav Assistant/Pods-OpenNav Assistant.debug.xcconfig"; sourceTree = "<group>"; };
		188CC9048D26FD1B480544AA /* Pods-OpenNav AssistantUITests.debug.xcconfig */ = {isa = PBXFileReference; includeInIndex = 1; lastKnownFileType = text.xcconfig; name = "Pods-OpenNav AssistantUITests.debug.xcconfig"; path = "Target Support Files/Pods-OpenNav AssistantUITests/Pods-OpenNav AssistantUITests.debug.xcconfig"; sourceTree = "<group>"; };
		49C7F7C4E5EB2C7DAAA9D54D /* Pods-OpenNav AssistantTests.release.xcconfig */ = {isa = PBXFileReference; includeInIndex = 1; lastKnownFileType = text.xcconfig; name = "Pods-OpenNav AssistantTests.release.xcconfig"; path = "Target Support Files/Pods-OpenNav AssistantTests/Pods-OpenNav AssistantTests.release.xcconfig"; sourceTree = "<group>"; };
		99C883DD22FA962FC14BF10F /* Pods_OpenNav_AssistantTests.framework */ = {isa = PBXFileReference; explicitFileType = wrapper.framework; includeInIndex = 0; path = Pods_OpenNav_AssistantTests.framework; sourceTree = BUILT_PRODUCTS_DIR; };
		A2DC9B19A6D6B1C244A9A837 /* Pods-OpenNav Assistant.release.xcconfig */ = {isa = PBXFileReference; includeInIndex = 1; lastKnownFileType = text.xcconfig; name = "Pods-OpenNav Assistant.release.xcconfig"; path = "Target Support Files/Pods-OpenNav Assistant/Pods-OpenNav Assistant.release.xcconfig"; sourceTree = "<group>"; };
		AE25B4C1224963F800F09F7A /* String+Hash.swift */ = {isa = PBXFileReference; lastKnownFileType = sourcecode.swift; path = "String+Hash.swift"; sourceTree = "<group>"; };
		AE4FC342224A646C00DB96DD /* MainWindowController.swift */ = {isa = PBXFileReference; lastKnownFileType = sourcecode.swift; path = MainWindowController.swift; sourceTree = "<group>"; };
		AE4FC344224A699F00DB96DD /* MenuController.swift */ = {isa = PBXFileReference; lastKnownFileType = sourcecode.swift; path = MenuController.swift; sourceTree = "<group>"; };
		AE4FC34B224A6CB600DB96DD /* SplitViewController.swift */ = {isa = PBXFileReference; lastKnownFileType = sourcecode.swift; path = SplitViewController.swift; sourceTree = "<group>"; };
		AE5B4C812245959F00FB98C8 /* Global.swift */ = {isa = PBXFileReference; lastKnownFileType = sourcecode.swift; path = Global.swift; sourceTree = "<group>"; };
		AE7A76A8223E9BC500729CD1 /* OpenNav Assistant.app */ = {isa = PBXFileReference; explicitFileType = wrapper.application; includeInIndex = 0; path = "OpenNav Assistant.app"; sourceTree = BUILT_PRODUCTS_DIR; };
		AE7A76AB223E9BC500729CD1 /* AppDelegate.swift */ = {isa = PBXFileReference; lastKnownFileType = sourcecode.swift; path = AppDelegate.swift; sourceTree = "<group>"; };
		AE7A76AD223E9BC500729CD1 /* FileViewController.swift */ = {isa = PBXFileReference; lastKnownFileType = sourcecode.swift; path = FileViewController.swift; sourceTree = "<group>"; };
		AE7A76AF223E9BC600729CD1 /* Assets.xcassets */ = {isa = PBXFileReference; lastKnownFileType = folder.assetcatalog; path = Assets.xcassets; sourceTree = "<group>"; };
		AE7A76B2223E9BC600729CD1 /* Base */ = {isa = PBXFileReference; lastKnownFileType = file.storyboard; name = Base; path = Base.lproj/Main.storyboard; sourceTree = "<group>"; };
		AE7A76B4223E9BC600729CD1 /* Info.plist */ = {isa = PBXFileReference; lastKnownFileType = text.plist.xml; path = Info.plist; sourceTree = "<group>"; };
		AE7A76B5223E9BC600729CD1 /* OpenNav_Assistant.entitlements */ = {isa = PBXFileReference; lastKnownFileType = text.plist.entitlements; path = OpenNav_Assistant.entitlements; sourceTree = "<group>"; };
		AE7A76BA223E9BC600729CD1 /* OpenNav AssistantTests.xctest */ = {isa = PBXFileReference; explicitFileType = wrapper.cfbundle; includeInIndex = 0; path = "OpenNav AssistantTests.xctest"; sourceTree = BUILT_PRODUCTS_DIR; };
		AE7A76BE223E9BC600729CD1 /* OpenNav_AssistantTests.swift */ = {isa = PBXFileReference; lastKnownFileType = sourcecode.swift; path = OpenNav_AssistantTests.swift; sourceTree = "<group>"; };
		AE7A76C0223E9BC600729CD1 /* Info.plist */ = {isa = PBXFileReference; lastKnownFileType = text.plist.xml; path = Info.plist; sourceTree = "<group>"; };
		AE7A76C5223E9BC600729CD1 /* OpenNav AssistantUITests.xctest */ = {isa = PBXFileReference; explicitFileType = wrapper.cfbundle; includeInIndex = 0; path = "OpenNav AssistantUITests.xctest"; sourceTree = BUILT_PRODUCTS_DIR; };
		AE7A76C9223E9BC600729CD1 /* OpenNav_AssistantUITests.swift */ = {isa = PBXFileReference; lastKnownFileType = sourcecode.swift; path = OpenNav_AssistantUITests.swift; sourceTree = "<group>"; };
		AE7A76CB223E9BC600729CD1 /* Info.plist */ = {isa = PBXFileReference; lastKnownFileType = text.plist.xml; path = Info.plist; sourceTree = "<group>"; };
		AE7A76DA223E9FDD00729CD1 /* LayoutRequest.swift */ = {isa = PBXFileReference; lastKnownFileType = sourcecode.swift; path = LayoutRequest.swift; sourceTree = "<group>"; };
		AE7A76DD223EFA4A00729CD1 /* Image.swift */ = {isa = PBXFileReference; lastKnownFileType = sourcecode.swift; path = Image.swift; sourceTree = "<group>"; };
		AE7A76E2223F069F00729CD1 /* ServerCommunicator.swift */ = {isa = PBXFileReference; lastKnownFileType = sourcecode.swift; path = ServerCommunicator.swift; sourceTree = "<group>"; };
		AE7A76E4223F111B00729CD1 /* FileHelper.swift */ = {isa = PBXFileReference; lastKnownFileType = sourcecode.swift; path = FileHelper.swift; sourceTree = "<group>"; };
		AE8F8448225047A70021BC93 /* Notification+Statics.swift */ = {isa = PBXFileReference; lastKnownFileType = sourcecode.swift; path = "Notification+Statics.swift"; sourceTree = "<group>"; };
		AE8F844C2250509A0021BC93 /* BrowserViewController.swift */ = {isa = PBXFileReference; lastKnownFileType = sourcecode.swift; path = BrowserViewController.swift; sourceTree = "<group>"; };
		AED7D3492248156200C9672E /* NSNotification.Name+ImageFrag.swift */ = {isa = PBXFileReference; lastKnownFileType = sourcecode.swift; path = "NSNotification.Name+ImageFrag.swift"; sourceTree = "<group>"; };
		CBC69DF4CA71FE85C83D5FF6 /* Pods_OpenNav_AssistantUITests.framework */ = {isa = PBXFileReference; explicitFileType = wrapper.framework; includeInIndex = 0; path = Pods_OpenNav_AssistantUITests.framework; sourceTree = BUILT_PRODUCTS_DIR; };
		EC19A3A68A278F9491B6F09D /* Pods_OpenNav_Assistant.framework */ = {isa = PBXFileReference; explicitFileType = wrapper.framework; includeInIndex = 0; path = Pods_OpenNav_Assistant.framework; sourceTree = BUILT_PRODUCTS_DIR; };
		FD42D1BE48AEDFA9411BCA1A /* Pods-OpenNav AssistantUITests.release.xcconfig */ = {isa = PBXFileReference; includeInIndex = 1; lastKnownFileType = text.xcconfig; name = "Pods-OpenNav AssistantUITests.release.xcconfig"; path = "Target Support Files/Pods-OpenNav AssistantUITests/Pods-OpenNav AssistantUITests.release.xcconfig"; sourceTree = "<group>"; };
/* End PBXFileReference section */

/* Begin PBXFrameworksBuildPhase section */
		AE7A76A5223E9BC500729CD1 /* Frameworks */ = {
			isa = PBXFrameworksBuildPhase;
			buildActionMask = 2147483647;
			files = (
				9BFFA8AF7D199517B9944A91 /* Pods_OpenNav_Assistant.framework in Frameworks */,
			);
			runOnlyForDeploymentPostprocessing = 0;
		};
		AE7A76B7223E9BC600729CD1 /* Frameworks */ = {
			isa = PBXFrameworksBuildPhase;
			buildActionMask = 2147483647;
			files = (
				FC1EFF02D8AB30DB10884255 /* Pods_OpenNav_AssistantTests.framework in Frameworks */,
			);
			runOnlyForDeploymentPostprocessing = 0;
		};
		AE7A76C2223E9BC600729CD1 /* Frameworks */ = {
			isa = PBXFrameworksBuildPhase;
			buildActionMask = 2147483647;
			files = (
				D244693F329C5CE91B4DD34E /* Pods_OpenNav_AssistantUITests.framework in Frameworks */,
			);
			runOnlyForDeploymentPostprocessing = 0;
		};
/* End PBXFrameworksBuildPhase section */

/* Begin PBXGroup section */
		94F556AF9BF90338BDACB56C /* Frameworks */ = {
			isa = PBXGroup;
			children = (
				EC19A3A68A278F9491B6F09D /* Pods_OpenNav_Assistant.framework */,
				99C883DD22FA962FC14BF10F /* Pods_OpenNav_AssistantTests.framework */,
				CBC69DF4CA71FE85C83D5FF6 /* Pods_OpenNav_AssistantUITests.framework */,
			);
			name = Frameworks;
			sourceTree = "<group>";
		};
		AE4FC33F224A644800DB96DD /* View Controllers */ = {
			isa = PBXGroup;
			children = (
				AE4FC346224A6C3A00DB96DD /* File Editor */,
				AE4FC342224A646C00DB96DD /* MainWindowController.swift */,
				AE4FC344224A699F00DB96DD /* MenuController.swift */,
			);
			path = "View Controllers";
			sourceTree = "<group>";
		};
		AE4FC346224A6C3A00DB96DD /* File Editor */ = {
			isa = PBXGroup;
			children = (
				AE7A76AD223E9BC500729CD1 /* FileViewController.swift */,
				AE4FC34B224A6CB600DB96DD /* SplitViewController.swift */,
				AE8F844C2250509A0021BC93 /* BrowserViewController.swift */,
			);
			path = "File Editor";
			sourceTree = "<group>";
		};
		AE7A769F223E9BC500729CD1 = {
			isa = PBXGroup;
			children = (
				AE7A76AA223E9BC500729CD1 /* OpenNav Assistant */,
				AE7A76BD223E9BC600729CD1 /* OpenNav AssistantTests */,
				AE7A76C8223E9BC600729CD1 /* OpenNav AssistantUITests */,
				AE7A76A9223E9BC500729CD1 /* Products */,
				DE135104A028582BC1F4D4E2 /* Pods */,
				94F556AF9BF90338BDACB56C /* Frameworks */,
			);
			sourceTree = "<group>";
		};
		AE7A76A9223E9BC500729CD1 /* Products */ = {
			isa = PBXGroup;
			children = (
				AE7A76A8223E9BC500729CD1 /* OpenNav Assistant.app */,
				AE7A76BA223E9BC600729CD1 /* OpenNav AssistantTests.xctest */,
				AE7A76C5223E9BC600729CD1 /* OpenNav AssistantUITests.xctest */,
			);
			name = Products;
			sourceTree = "<group>";
		};
		AE7A76AA223E9BC500729CD1 /* OpenNav Assistant */ = {
			isa = PBXGroup;
			children = (
				AE7A76B1223E9BC600729CD1 /* Main.storyboard */,
				AE5B4C812245959F00FB98C8 /* Global.swift */,
				AE8F8447225047930021BC93 /* Notifications */,
				AE4FC33F224A644800DB96DD /* View Controllers */,
				AED7D3492248156200C9672E /* NSNotification.Name+ImageFrag.swift */,
				AE25B4C1224963F800F09F7A /* String+Hash.swift */,
				AE7A76DC223EFA4000729CD1 /* Helpers */,
				AE7A76D9223E9FD000729CD1 /* Structs */,
				AE7A76D8223E9FC600729CD1 /* Server Communicator */,
				AE7A76AB223E9BC500729CD1 /* AppDelegate.swift */,
				AE7A76AF223E9BC600729CD1 /* Assets.xcassets */,
				AE7A76B4223E9BC600729CD1 /* Info.plist */,
				AE7A76B5223E9BC600729CD1 /* OpenNav_Assistant.entitlements */,
			);
			path = "OpenNav Assistant";
			sourceTree = "<group>";
		};
		AE7A76BD223E9BC600729CD1 /* OpenNav AssistantTests */ = {
			isa = PBXGroup;
			children = (
				AE7A76BE223E9BC600729CD1 /* OpenNav_AssistantTests.swift */,
				AE7A76C0223E9BC600729CD1 /* Info.plist */,
			);
			path = "OpenNav AssistantTests";
			sourceTree = "<group>";
		};
		AE7A76C8223E9BC600729CD1 /* OpenNav AssistantUITests */ = {
			isa = PBXGroup;
			children = (
				AE7A76C9223E9BC600729CD1 /* OpenNav_AssistantUITests.swift */,
				AE7A76CB223E9BC600729CD1 /* Info.plist */,
			);
			path = "OpenNav AssistantUITests";
			sourceTree = "<group>";
		};
		AE7A76D8223E9FC600729CD1 /* Server Communicator */ = {
			isa = PBXGroup;
			children = (
				AE7A76E2223F069F00729CD1 /* ServerCommunicator.swift */,
			);
			path = "Server Communicator";
			sourceTree = "<group>";
		};
		AE7A76D9223E9FD000729CD1 /* Structs */ = {
			isa = PBXGroup;
			children = (
				AE7A76DA223E9FDD00729CD1 /* LayoutRequest.swift */,
			);
			path = Structs;
			sourceTree = "<group>";
		};
		AE7A76DC223EFA4000729CD1 /* Helpers */ = {
			isa = PBXGroup;
			children = (
				AE7A76DD223EFA4A00729CD1 /* Image.swift */,
				AE7A76E4223F111B00729CD1 /* FileHelper.swift */,
			);
			path = Helpers;
			sourceTree = "<group>";
		};
		AE8F8447225047930021BC93 /* Notifications */ = {
			isa = PBXGroup;
			children = (
				AE8F8448225047A70021BC93 /* Notification+Statics.swift */,
			);
			path = Notifications;
			sourceTree = "<group>";
		};
		DE135104A028582BC1F4D4E2 /* Pods */ = {
			isa = PBXGroup;
			children = (
				16BBC922C7053167A8E4122B /* Pods-OpenNav Assistant.debug.xcconfig */,
				A2DC9B19A6D6B1C244A9A837 /* Pods-OpenNav Assistant.release.xcconfig */,
				0D6C7A549E14625229A9B050 /* Pods-OpenNav AssistantTests.debug.xcconfig */,
				49C7F7C4E5EB2C7DAAA9D54D /* Pods-OpenNav AssistantTests.release.xcconfig */,
				188CC9048D26FD1B480544AA /* Pods-OpenNav AssistantUITests.debug.xcconfig */,
				FD42D1BE48AEDFA9411BCA1A /* Pods-OpenNav AssistantUITests.release.xcconfig */,
			);
			path = Pods;
			sourceTree = "<group>";
		};
/* End PBXGroup section */

/* Begin PBXNativeTarget section */
		AE7A76A7223E9BC500729CD1 /* OpenNav Assistant */ = {
			isa = PBXNativeTarget;
			buildConfigurationList = AE7A76CE223E9BC600729CD1 /* Build configuration list for PBXNativeTarget "OpenNav Assistant" */;
			buildPhases = (
				817BE671924793619E78F25F /* [CP] Check Pods Manifest.lock */,
				AE7A76A4223E9BC500729CD1 /* Sources */,
				AE7A76A5223E9BC500729CD1 /* Frameworks */,
				AE7A76A6223E9BC500729CD1 /* Resources */,
				7B0F04F2E9A4B187C7F28B92 /* [CP] Embed Pods Frameworks */,
			);
			buildRules = (
			);
			dependencies = (
			);
			name = "OpenNav Assistant";
			productName = "OpenNav Assistant";
			productReference = AE7A76A8223E9BC500729CD1 /* OpenNav Assistant.app */;
			productType = "com.apple.product-type.application";
		};
		AE7A76B9223E9BC600729CD1 /* OpenNav AssistantTests */ = {
			isa = PBXNativeTarget;
			buildConfigurationList = AE7A76D1223E9BC600729CD1 /* Build configuration list for PBXNativeTarget "OpenNav AssistantTests" */;
			buildPhases = (
				77665AB8418FE56E8D97E1FC /* [CP] Check Pods Manifest.lock */,
				AE7A76B6223E9BC600729CD1 /* Sources */,
				AE7A76B7223E9BC600729CD1 /* Frameworks */,
				AE7A76B8223E9BC600729CD1 /* Resources */,
			);
			buildRules = (
			);
			dependencies = (
				AE7A76BC223E9BC600729CD1 /* PBXTargetDependency */,
			);
			name = "OpenNav AssistantTests";
			productName = "OpenNav AssistantTests";
			productReference = AE7A76BA223E9BC600729CD1 /* OpenNav AssistantTests.xctest */;
			productType = "com.apple.product-type.bundle.unit-test";
		};
		AE7A76C4223E9BC600729CD1 /* OpenNav AssistantUITests */ = {
			isa = PBXNativeTarget;
			buildConfigurationList = AE7A76D4223E9BC600729CD1 /* Build configuration list for PBXNativeTarget "OpenNav AssistantUITests" */;
			buildPhases = (
				EFA0C7829F758AA84E69DBE6 /* [CP] Check Pods Manifest.lock */,
				AE7A76C1223E9BC600729CD1 /* Sources */,
				AE7A76C2223E9BC600729CD1 /* Frameworks */,
				AE7A76C3223E9BC600729CD1 /* Resources */,
			);
			buildRules = (
			);
			dependencies = (
				AE7A76C7223E9BC600729CD1 /* PBXTargetDependency */,
			);
			name = "OpenNav AssistantUITests";
			productName = "OpenNav AssistantUITests";
			productReference = AE7A76C5223E9BC600729CD1 /* OpenNav AssistantUITests.xctest */;
			productType = "com.apple.product-type.bundle.ui-testing";
		};
/* End PBXNativeTarget section */

/* Begin PBXProject section */
		AE7A76A0223E9BC500729CD1 /* Project object */ = {
			isa = PBXProject;
			attributes = {
				LastSwiftUpdateCheck = 1010;
				LastUpgradeCheck = 1010;
				ORGANIZATIONNAME = "Sylvan Martin";
				TargetAttributes = {
					AE7A76A7223E9BC500729CD1 = {
						CreatedOnToolsVersion = 10.1;
						LastSwiftMigration = 1020;
						SystemCapabilities = {
							com.apple.Sandbox = {
								enabled = 0;
							};
						};
					};
					AE7A76B9223E9BC600729CD1 = {
						CreatedOnToolsVersion = 10.1;
						LastSwiftMigration = 1020;
						TestTargetID = AE7A76A7223E9BC500729CD1;
					};
					AE7A76C4223E9BC600729CD1 = {
						CreatedOnToolsVersion = 10.1;
						LastSwiftMigration = 1020;
						TestTargetID = AE7A76A7223E9BC500729CD1;
					};
				};
			};
			buildConfigurationList = AE7A76A3223E9BC500729CD1 /* Build configuration list for PBXProject "OpenNav Assistant" */;
			compatibilityVersion = "Xcode 9.3";
			developmentRegion = en;
			hasScannedForEncodings = 0;
			knownRegions = (
				en,
				Base,
			);
			mainGroup = AE7A769F223E9BC500729CD1;
			productRefGroup = AE7A76A9223E9BC500729CD1 /* Products */;
			projectDirPath = "";
			projectRoot = "";
			targets = (
				AE7A76A7223E9BC500729CD1 /* OpenNav Assistant */,
				AE7A76B9223E9BC600729CD1 /* OpenNav AssistantTests */,
				AE7A76C4223E9BC600729CD1 /* OpenNav AssistantUITests */,
			);
		};
/* End PBXProject section */

/* Begin PBXResourcesBuildPhase section */
		AE7A76A6223E9BC500729CD1 /* Resources */ = {
			isa = PBXResourcesBuildPhase;
			buildActionMask = 2147483647;
			files = (
				AE7A76B0223E9BC600729CD1 /* Assets.xcassets in Resources */,
				AE7A76B3223E9BC600729CD1 /* Main.storyboard in Resources */,
			);
			runOnlyForDeploymentPostprocessing = 0;
		};
		AE7A76B8223E9BC600729CD1 /* Resources */ = {
			isa = PBXResourcesBuildPhase;
			buildActionMask = 2147483647;
			files = (
			);
			runOnlyForDeploymentPostprocessing = 0;
		};
		AE7A76C3223E9BC600729CD1 /* Resources */ = {
			isa = PBXResourcesBuildPhase;
			buildActionMask = 2147483647;
			files = (
			);
			runOnlyForDeploymentPostprocessing = 0;
		};
/* End PBXResourcesBuildPhase section */

/* Begin PBXShellScriptBuildPhase section */
		77665AB8418FE56E8D97E1FC /* [CP] Check Pods Manifest.lock */ = {
			isa = PBXShellScriptBuildPhase;
			buildActionMask = 2147483647;
			files = (
			);
			inputFileListPaths = (
			);
			inputPaths = (
				"${PODS_PODFILE_DIR_PATH}/Podfile.lock",
				"${PODS_ROOT}/Manifest.lock",
			);
			name = "[CP] Check Pods Manifest.lock";
			outputFileListPaths = (
			);
			outputPaths = (
				"$(DERIVED_FILE_DIR)/Pods-OpenNav AssistantTests-checkManifestLockResult.txt",
			);
			runOnlyForDeploymentPostprocessing = 0;
			shellPath = /bin/sh;
			shellScript = "diff \"${PODS_PODFILE_DIR_PATH}/Podfile.lock\" \"${PODS_ROOT}/Manifest.lock\" > /dev/null\nif [ $? != 0 ] ; then\n    # print error to STDERR\n    echo \"error: The sandbox is not in sync with the Podfile.lock. Run 'pod install' or update your CocoaPods installation.\" >&2\n    exit 1\nfi\n# This output is used by Xcode 'outputs' to avoid re-running this script phase.\necho \"SUCCESS\" > \"${SCRIPT_OUTPUT_FILE_0}\"\n";
			showEnvVarsInLog = 0;
		};
		7B0F04F2E9A4B187C7F28B92 /* [CP] Embed Pods Frameworks */ = {
			isa = PBXShellScriptBuildPhase;
			buildActionMask = 2147483647;
			files = (
			);
			inputFileListPaths = (
			);
			inputPaths = (
				"${PODS_ROOT}/Target Support Files/Pods-OpenNav Assistant/Pods-OpenNav Assistant-frameworks.sh",
				"${BUILT_PRODUCTS_DIR}/Alamofire/Alamofire.framework",
				"${BUILT_PRODUCTS_DIR}/SwiftyJSON/SwiftyJSON.framework",
			);
			name = "[CP] Embed Pods Frameworks";
			outputFileListPaths = (
			);
			outputPaths = (
				"${TARGET_BUILD_DIR}/${FRAMEWORKS_FOLDER_PATH}/Alamofire.framework",
				"${TARGET_BUILD_DIR}/${FRAMEWORKS_FOLDER_PATH}/SwiftyJSON.framework",
			);
			runOnlyForDeploymentPostprocessing = 0;
			shellPath = /bin/sh;
			shellScript = "\"${PODS_ROOT}/Target Support Files/Pods-OpenNav Assistant/Pods-OpenNav Assistant-frameworks.sh\"\n";
			showEnvVarsInLog = 0;
		};
		817BE671924793619E78F25F /* [CP] Check Pods Manifest.lock */ = {
			isa = PBXShellScriptBuildPhase;
			buildActionMask = 2147483647;
			files = (
			);
			inputFileListPaths = (
			);
			inputPaths = (
				"${PODS_PODFILE_DIR_PATH}/Podfile.lock",
				"${PODS_ROOT}/Manifest.lock",
			);
			name = "[CP] Check Pods Manifest.lock";
			outputFileListPaths = (
			);
			outputPaths = (
				"$(DERIVED_FILE_DIR)/Pods-OpenNav Assistant-checkManifestLockResult.txt",
			);
			runOnlyForDeploymentPostprocessing = 0;
			shellPath = /bin/sh;
			shellScript = "diff \"${PODS_PODFILE_DIR_PATH}/Podfile.lock\" \"${PODS_ROOT}/Manifest.lock\" > /dev/null\nif [ $? != 0 ] ; then\n    # print error to STDERR\n    echo \"error: The sandbox is not in sync with the Podfile.lock. Run 'pod install' or update your CocoaPods installation.\" >&2\n    exit 1\nfi\n# This output is used by Xcode 'outputs' to avoid re-running this script phase.\necho \"SUCCESS\" > \"${SCRIPT_OUTPUT_FILE_0}\"\n";
			showEnvVarsInLog = 0;
		};
		EFA0C7829F758AA84E69DBE6 /* [CP] Check Pods Manifest.lock */ = {
			isa = PBXShellScriptBuildPhase;
			buildActionMask = 2147483647;
			files = (
			);
			inputFileListPaths = (
			);
			inputPaths = (
				"${PODS_PODFILE_DIR_PATH}/Podfile.lock",
				"${PODS_ROOT}/Manifest.lock",
			);
			name = "[CP] Check Pods Manifest.lock";
			outputFileListPaths = (
			);
			outputPaths = (
				"$(DERIVED_FILE_DIR)/Pods-OpenNav AssistantUITests-checkManifestLockResult.txt",
			);
			runOnlyForDeploymentPostprocessing = 0;
			shellPath = /bin/sh;
			shellScript = "diff \"${PODS_PODFILE_DIR_PATH}/Podfile.lock\" \"${PODS_ROOT}/Manifest.lock\" > /dev/null\nif [ $? != 0 ] ; then\n    # print error to STDERR\n    echo \"error: The sandbox is not in sync with the Podfile.lock. Run 'pod install' or update your CocoaPods installation.\" >&2\n    exit 1\nfi\n# This output is used by Xcode 'outputs' to avoid re-running this script phase.\necho \"SUCCESS\" > \"${SCRIPT_OUTPUT_FILE_0}\"\n";
			showEnvVarsInLog = 0;
		};
/* End PBXShellScriptBuildPhase section */

/* Begin PBXSourcesBuildPhase section */
		AE7A76A4223E9BC500729CD1 /* Sources */ = {
			isa = PBXSourcesBuildPhase;
			buildActionMask = 2147483647;
			files = (
				AE7A76AE223E9BC500729CD1 /* FileViewController.swift in Sources */,
				AE8F844D2250509A0021BC93 /* BrowserViewController.swift in Sources */,
				AED7D34A2248156200C9672E /* NSNotification.Name+ImageFrag.swift in Sources */,
				AE25B4C2224963F800F09F7A /* String+Hash.swift in Sources */,
				AE7A76E3223F069F00729CD1 /* ServerCommunicator.swift in Sources */,
				AE8F8449225047A70021BC93 /* Notification+Statics.swift in Sources */,
				AE4FC343224A646C00DB96DD /* MainWindowController.swift in Sources */,
				AE4FC345224A699F00DB96DD /* MenuController.swift in Sources */,
				AE7A76DE223EFA4A00729CD1 /* Image.swift in Sources */,
				AE7A76DB223E9FDD00729CD1 /* LayoutRequest.swift in Sources */,
				AE4FC34C224A6CB600DB96DD /* SplitViewController.swift in Sources */,
				AE7A76E5223F111B00729CD1 /* FileHelper.swift in Sources */,
				AE7A76AC223E9BC500729CD1 /* AppDelegate.swift in Sources */,
				AE5B4C822245959F00FB98C8 /* Global.swift in Sources */,
			);
			runOnlyForDeploymentPostprocessing = 0;
		};
		AE7A76B6223E9BC600729CD1 /* Sources */ = {
			isa = PBXSourcesBuildPhase;
			buildActionMask = 2147483647;
			files = (
				AE7A76BF223E9BC600729CD1 /* OpenNav_AssistantTests.swift in Sources */,
			);
			runOnlyForDeploymentPostprocessing = 0;
		};
		AE7A76C1223E9BC600729CD1 /* Sources */ = {
			isa = PBXSourcesBuildPhase;
			buildActionMask = 2147483647;
			files = (
				AE7A76CA223E9BC600729CD1 /* OpenNav_AssistantUITests.swift in Sources */,
			);
			runOnlyForDeploymentPostprocessing = 0;
		};
/* End PBXSourcesBuildPhase section */

/* Begin PBXTargetDependency section */
		AE7A76BC223E9BC600729CD1 /* PBXTargetDependency */ = {
			isa = PBXTargetDependency;
			target = AE7A76A7223E9BC500729CD1 /* OpenNav Assistant */;
			targetProxy = AE7A76BB223E9BC600729CD1 /* PBXContainerItemProxy */;
		};
		AE7A76C7223E9BC600729CD1 /* PBXTargetDependency */ = {
			isa = PBXTargetDependency;
			target = AE7A76A7223E9BC500729CD1 /* OpenNav Assistant */;
			targetProxy = AE7A76C6223E9BC600729CD1 /* PBXContainerItemProxy */;
		};
/* End PBXTargetDependency section */

/* Begin PBXVariantGroup section */
		AE7A76B1223E9BC600729CD1 /* Main.storyboard */ = {
			isa = PBXVariantGroup;
			children = (
				AE7A76B2223E9BC600729CD1 /* Base */,
			);
			name = Main.storyboard;
			sourceTree = "<group>";
		};
/* End PBXVariantGroup section */

/* Begin XCBuildConfiguration section */
		AE7A76CC223E9BC600729CD1 /* Debug */ = {
			isa = XCBuildConfiguration;
			buildSettings = {
				ALWAYS_SEARCH_USER_PATHS = NO;
				CLANG_ANALYZER_NONNULL = YES;
				CLANG_ANALYZER_NUMBER_OBJECT_CONVERSION = YES_AGGRESSIVE;
				CLANG_CXX_LANGUAGE_STANDARD = "gnu++14";
				CLANG_CXX_LIBRARY = "libc++";
				CLANG_ENABLE_MODULES = YES;
				CLANG_ENABLE_OBJC_ARC = YES;
				CLANG_ENABLE_OBJC_WEAK = YES;
				CLANG_WARN_BLOCK_CAPTURE_AUTORELEASING = YES;
				CLANG_WARN_BOOL_CONVERSION = YES;
				CLANG_WARN_COMMA = YES;
				CLANG_WARN_CONSTANT_CONVERSION = YES;
				CLANG_WARN_DEPRECATED_OBJC_IMPLEMENTATIONS = YES;
				CLANG_WARN_DIRECT_OBJC_ISA_USAGE = YES_ERROR;
				CLANG_WARN_DOCUMENTATION_COMMENTS = YES;
				CLANG_WARN_EMPTY_BODY = YES;
				CLANG_WARN_ENUM_CONVERSION = YES;
				CLANG_WARN_INFINITE_RECURSION = YES;
				CLANG_WARN_INT_CONVERSION = YES;
				CLANG_WARN_NON_LITERAL_NULL_CONVERSION = YES;
				CLANG_WARN_OBJC_IMPLICIT_RETAIN_SELF = YES;
				CLANG_WARN_OBJC_LITERAL_CONVERSION = YES;
				CLANG_WARN_OBJC_ROOT_CLASS = YES_ERROR;
				CLANG_WARN_RANGE_LOOP_ANALYSIS = YES;
				CLANG_WARN_STRICT_PROTOTYPES = YES;
				CLANG_WARN_SUSPICIOUS_MOVE = YES;
				CLANG_WARN_UNGUARDED_AVAILABILITY = YES_AGGRESSIVE;
				CLANG_WARN_UNREACHABLE_CODE = YES;
				CLANG_WARN__DUPLICATE_METHOD_MATCH = YES;
				CODE_SIGN_IDENTITY = "Mac Developer";
				COPY_PHASE_STRIP = NO;
				DEBUG_INFORMATION_FORMAT = dwarf;
				ENABLE_STRICT_OBJC_MSGSEND = YES;
				ENABLE_TESTABILITY = YES;
				GCC_C_LANGUAGE_STANDARD = gnu11;
				GCC_DYNAMIC_NO_PIC = NO;
				GCC_NO_COMMON_BLOCKS = YES;
				GCC_OPTIMIZATION_LEVEL = 0;
				GCC_PREPROCESSOR_DEFINITIONS = (
					"DEBUG=1",
					"$(inherited)",
				);
				GCC_WARN_64_TO_32_BIT_CONVERSION = YES;
				GCC_WARN_ABOUT_RETURN_TYPE = YES_ERROR;
				GCC_WARN_UNDECLARED_SELECTOR = YES;
				GCC_WARN_UNINITIALIZED_AUTOS = YES_AGGRESSIVE;
				GCC_WARN_UNUSED_FUNCTION = YES;
				GCC_WARN_UNUSED_VARIABLE = YES;
				MACOSX_DEPLOYMENT_TARGET = 10.14;
				MTL_ENABLE_DEBUG_INFO = INCLUDE_SOURCE;
				MTL_FAST_MATH = YES;
				ONLY_ACTIVE_ARCH = YES;
				SDKROOT = macosx;
				SWIFT_ACTIVE_COMPILATION_CONDITIONS = DEBUG;
				SWIFT_OPTIMIZATION_LEVEL = "-Onone";
			};
			name = Debug;
		};
		AE7A76CD223E9BC600729CD1 /* Release */ = {
			isa = XCBuildConfiguration;
			buildSettings = {
				ALWAYS_SEARCH_USER_PATHS = NO;
				CLANG_ANALYZER_NONNULL = YES;
				CLANG_ANALYZER_NUMBER_OBJECT_CONVERSION = YES_AGGRESSIVE;
				CLANG_CXX_LANGUAGE_STANDARD = "gnu++14";
				CLANG_CXX_LIBRARY = "libc++";
				CLANG_ENABLE_MODULES = YES;
				CLANG_ENABLE_OBJC_ARC = YES;
				CLANG_ENABLE_OBJC_WEAK = YES;
				CLANG_WARN_BLOCK_CAPTURE_AUTORELEASING = YES;
				CLANG_WARN_BOOL_CONVERSION = YES;
				CLANG_WARN_COMMA = YES;
				CLANG_WARN_CONSTANT_CONVERSION = YES;
				CLANG_WARN_DEPRECATED_OBJC_IMPLEMENTATIONS = YES;
				CLANG_WARN_DIRECT_OBJC_ISA_USAGE = YES_ERROR;
				CLANG_WARN_DOCUMENTATION_COMMENTS = YES;
				CLANG_WARN_EMPTY_BODY = YES;
				CLANG_WARN_ENUM_CONVERSION = YES;
				CLANG_WARN_INFINITE_RECURSION = YES;
				CLANG_WARN_INT_CONVERSION = YES;
				CLANG_WARN_NON_LITERAL_NULL_CONVERSION = YES;
				CLANG_WARN_OBJC_IMPLICIT_RETAIN_SELF = YES;
				CLANG_WARN_OBJC_LITERAL_CONVERSION = YES;
				CLANG_WARN_OBJC_ROOT_CLASS = YES_ERROR;
				CLANG_WARN_RANGE_LOOP_ANALYSIS = YES;
				CLANG_WARN_STRICT_PROTOTYPES = YES;
				CLANG_WARN_SUSPICIOUS_MOVE = YES;
				CLANG_WARN_UNGUARDED_AVAILABILITY = YES_AGGRESSIVE;
				CLANG_WARN_UNREACHABLE_CODE = YES;
				CLANG_WARN__DUPLICATE_METHOD_MATCH = YES;
				CODE_SIGN_IDENTITY = "Mac Developer";
				COPY_PHASE_STRIP = NO;
				DEBUG_INFORMATION_FORMAT = "dwarf-with-dsym";
				ENABLE_NS_ASSERTIONS = NO;
				ENABLE_STRICT_OBJC_MSGSEND = YES;
				GCC_C_LANGUAGE_STANDARD = gnu11;
				GCC_NO_COMMON_BLOCKS = YES;
				GCC_WARN_64_TO_32_BIT_CONVERSION = YES;
				GCC_WARN_ABOUT_RETURN_TYPE = YES_ERROR;
				GCC_WARN_UNDECLARED_SELECTOR = YES;
				GCC_WARN_UNINITIALIZED_AUTOS = YES_AGGRESSIVE;
				GCC_WARN_UNUSED_FUNCTION = YES;
				GCC_WARN_UNUSED_VARIABLE = YES;
				MACOSX_DEPLOYMENT_TARGET = 10.14;
				MTL_ENABLE_DEBUG_INFO = NO;
				MTL_FAST_MATH = YES;
				SDKROOT = macosx;
				SWIFT_COMPILATION_MODE = wholemodule;
				SWIFT_OPTIMIZATION_LEVEL = "-O";
			};
			name = Release;
		};
		AE7A76CF223E9BC600729CD1 /* Debug */ = {
			isa = XCBuildConfiguration;
			baseConfigurationReference = 16BBC922C7053167A8E4122B /* Pods-OpenNav Assistant.debug.xcconfig */;
			buildSettings = {
				ASSETCATALOG_COMPILER_APPICON_NAME = AppIcon;
				CODE_SIGN_IDENTITY = "Mac Developer";
				CODE_SIGN_STYLE = Automatic;
				COMBINE_HIDPI_IMAGES = YES;
				DEVELOPMENT_TEAM = JDSTZ7K2MV;
				INFOPLIST_FILE = "OpenNav Assistant/Info.plist";
				LD_RUNPATH_SEARCH_PATHS = (
					"$(inherited)",
					"@executable_path/../Frameworks",
				);
				PRODUCT_BUNDLE_IDENTIFIER = "martin.OpenNav-Assistant";
				PRODUCT_NAME = "$(TARGET_NAME)";
				PROVISIONING_PROFILE_SPECIFIER = "";
				SWIFT_VERSION = 5.0;
			};
			name = Debug;
		};
		AE7A76D0223E9BC600729CD1 /* Release */ = {
			isa = XCBuildConfiguration;
			baseConfigurationReference = A2DC9B19A6D6B1C244A9A837 /* Pods-OpenNav Assistant.release.xcconfig */;
			buildSettings = {
				ASSETCATALOG_COMPILER_APPICON_NAME = AppIcon;
				CODE_SIGN_IDENTITY = "Mac Developer";
				CODE_SIGN_STYLE = Automatic;
				COMBINE_HIDPI_IMAGES = YES;
				DEVELOPMENT_TEAM = JDSTZ7K2MV;
				INFOPLIST_FILE = "OpenNav Assistant/Info.plist";
				LD_RUNPATH_SEARCH_PATHS = (
					"$(inherited)",
					"@executable_path/../Frameworks",
				);
				PRODUCT_BUNDLE_IDENTIFIER = "martin.OpenNav-Assistant";
				PRODUCT_NAME = "$(TARGET_NAME)";
				PROVISIONING_PROFILE_SPECIFIER = "";
				SWIFT_VERSION = 5.0;
			};
			name = Release;
		};
		AE7A76D2223E9BC600729CD1 /* Debug */ = {
			isa = XCBuildConfiguration;
			baseConfigurationReference = 0D6C7A549E14625229A9B050 /* Pods-OpenNav AssistantTests.debug.xcconfig */;
			buildSettings = {
				ALWAYS_EMBED_SWIFT_STANDARD_LIBRARIES = YES;
				BUNDLE_LOADER = "$(TEST_HOST)";
				CODE_SIGN_IDENTITY = "Mac Developer";
				CODE_SIGN_STYLE = Automatic;
				COMBINE_HIDPI_IMAGES = YES;
				DEVELOPMENT_TEAM = JDSTZ7K2MV;
				INFOPLIST_FILE = "OpenNav AssistantTests/Info.plist";
				LD_RUNPATH_SEARCH_PATHS = (
					"$(inherited)",
					"@executable_path/../Frameworks",
					"@loader_path/../Frameworks",
				);
				PRODUCT_BUNDLE_IDENTIFIER = "martin.OpenNav-AssistantTests";
				PRODUCT_NAME = "$(TARGET_NAME)";
				PROVISIONING_PROFILE_SPECIFIER = "";
				SWIFT_VERSION = 5.0;
				TEST_HOST = "$(BUILT_PRODUCTS_DIR)/OpenNav Assistant.app/Contents/MacOS/OpenNav Assistant";
			};
			name = Debug;
		};
		AE7A76D3223E9BC600729CD1 /* Release */ = {
			isa = XCBuildConfiguration;
			baseConfigurationReference = 49C7F7C4E5EB2C7DAAA9D54D /* Pods-OpenNav AssistantTests.release.xcconfig */;
			buildSettings = {
				ALWAYS_EMBED_SWIFT_STANDARD_LIBRARIES = YES;
				BUNDLE_LOADER = "$(TEST_HOST)";
				CODE_SIGN_IDENTITY = "Mac Developer";
				CODE_SIGN_STYLE = Automatic;
				COMBINE_HIDPI_IMAGES = YES;
				DEVELOPMENT_TEAM = JDSTZ7K2MV;
				INFOPLIST_FILE = "OpenNav AssistantTests/Info.plist";
				LD_RUNPATH_SEARCH_PATHS = (
					"$(inherited)",
					"@executable_path/../Frameworks",
					"@loader_path/../Frameworks",
				);
				PRODUCT_BUNDLE_IDENTIFIER = "martin.OpenNav-AssistantTests";
				PRODUCT_NAME = "$(TARGET_NAME)";
				PROVISIONING_PROFILE_SPECIFIER = "";
				SWIFT_VERSION = 5.0;
				TEST_HOST = "$(BUILT_PRODUCTS_DIR)/OpenNav Assistant.app/Contents/MacOS/OpenNav Assistant";
			};
			name = Release;
		};
		AE7A76D5223E9BC600729CD1 /* Debug */ = {
			isa = XCBuildConfiguration;
			baseConfigurationReference = 188CC9048D26FD1B480544AA /* Pods-OpenNav AssistantUITests.debug.xcconfig */;
			buildSettings = {
				ALWAYS_EMBED_SWIFT_STANDARD_LIBRARIES = YES;
				CODE_SIGN_IDENTITY = "Mac Developer";
				CODE_SIGN_STYLE = Automatic;
				COMBINE_HIDPI_IMAGES = YES;
				DEVELOPMENT_TEAM = JDSTZ7K2MV;
				INFOPLIST_FILE = "OpenNav AssistantUITests/Info.plist";
				LD_RUNPATH_SEARCH_PATHS = (
					"$(inherited)",
					"@executable_path/../Frameworks",
					"@loader_path/../Frameworks",
				);
				PRODUCT_BUNDLE_IDENTIFIER = "martin.OpenNav-AssistantUITests";
				PRODUCT_NAME = "$(TARGET_NAME)";
				PROVISIONING_PROFILE_SPECIFIER = "";
				SWIFT_VERSION = 5.0;
				TEST_TARGET_NAME = "OpenNav Assistant";
			};
			name = Debug;
		};
		AE7A76D6223E9BC600729CD1 /* Release */ = {
			isa = XCBuildConfiguration;
			baseConfigurationReference = FD42D1BE48AEDFA9411BCA1A /* Pods-OpenNav AssistantUITests.release.xcconfig */;
			buildSettings = {
				ALWAYS_EMBED_SWIFT_STANDARD_LIBRARIES = YES;
				CODE_SIGN_IDENTITY = "Mac Developer";
				CODE_SIGN_STYLE = Automatic;
				COMBINE_HIDPI_IMAGES = YES;
				DEVELOPMENT_TEAM = JDSTZ7K2MV;
				INFOPLIST_FILE = "OpenNav AssistantUITests/Info.plist";
				LD_RUNPATH_SEARCH_PATHS = (
					"$(inherited)",
					"@executable_path/../Frameworks",
					"@loader_path/../Frameworks",
				);
				PRODUCT_BUNDLE_IDENTIFIER = "martin.OpenNav-AssistantUITests";
				PRODUCT_NAME = "$(TARGET_NAME)";
				PROVISIONING_PROFILE_SPECIFIER = "";
				SWIFT_VERSION = 5.0;
				TEST_TARGET_NAME = "OpenNav Assistant";
			};
			name = Release;
		};
/* End XCBuildConfiguration section */

/* Begin XCConfigurationList section */
		AE7A76A3223E9BC500729CD1 /* Build configuration list for PBXProject "OpenNav Assistant" */ = {
			isa = XCConfigurationList;
			buildConfigurations = (
				AE7A76CC223E9BC600729CD1 /* Debug */,
				AE7A76CD223E9BC600729CD1 /* Release */,
			);
			defaultConfigurationIsVisible = 0;
			defaultConfigurationName = Release;
		};
		AE7A76CE223E9BC600729CD1 /* Build configuration list for PBXNativeTarget "OpenNav Assistant" */ = {
			isa = XCConfigurationList;
			buildConfigurations = (
				AE7A76CF223E9BC600729CD1 /* Debug */,
				AE7A76D0223E9BC600729CD1 /* Release */,
			);
			defaultConfigurationIsVisible = 0;
			defaultConfigurationName = Release;
		};
		AE7A76D1223E9BC600729CD1 /* Build configuration list for PBXNativeTarget "OpenNav AssistantTests" */ = {
			isa = XCConfigurationList;
			buildConfigurations = (
				AE7A76D2223E9BC600729CD1 /* Debug */,
				AE7A76D3223E9BC600729CD1 /* Release */,
			);
			defaultConfigurationIsVisible = 0;
			defaultConfigurationName = Release;
		};
		AE7A76D4223E9BC600729CD1 /* Build configuration list for PBXNativeTarget "OpenNav AssistantUITests" */ = {
			isa = XCConfigurationList;
			buildConfigurations = (
				AE7A76D5223E9BC600729CD1 /* Debug */,
				AE7A76D6223E9BC600729CD1 /* Release */,
			);
			defaultConfigurationIsVisible = 0;
			defaultConfigurationName = Release;
		};
/* End XCConfigurationList section */
	};
	rootObject = AE7A76A0223E9BC500729CD1 /* Project object */;
}
